{
  "name": "webapps-core",
  "version": "0.0.2",
  "lockfileVersion": 1,
  "requires": true,
  "dependencies": {
    "ts-serializable": {
      "version": "1.1.5",
      "resolved": "https://registry.npmjs.org/ts-serializable/-/ts-serializable-1.1.5.tgz",
      "integrity": "sha512-PaTLs06F3Ycxd0JVoyHv839FtF50tqL5cjvqjORt6RIVfJUpcgCgGdRgseQCykVrokf4RQQCmzm22gmeAe/u0g=="
    }
  }
}
